
Microsoft Visual Studio Solution File, Format Version 12.00
# Visual Studio Version 16
VisualStudioVersion = 25.0.1704.5
MinimumVisualStudioVersion = 10.0.40219.1
Project("{FAE04EC0-301F-11D3-BF4B-00C04F79EFBC}") = "Trade Portfolio Categorization", "Trade Portfolio Categorization\Trade Portfolio Categorization.csproj", "{F51E1BCA-CED5-44E2-829E-459A2C2B5DD2}"
EndProject
Project("{2150E333-8FDC-42A3-9474-1A3956D46DE8}") = "Solution Items", "Solution Items", "{B40F0109-F4BF-4AC7-B643-610AD1BF426C}"
EndProject
Global
	GlobalSection(SolutionConfigurationPlatforms) = preSolution
		Debug|Any CPU = Debug|Any CPU
		Release|Any CPU = Release|Any CPU
	EndGlobalSection
	GlobalSection(ProjectConfigurationPlatforms) = postSolution
		{F51E1BCA-CED5-44E2-829E-459A2C2B5DD2}.Debug|Any CPU.ActiveCfg = Debug|Any CPU
		{F51E1BCA-CED5-44E2-829E-459A2C2B5DD2}.Debug|Any CPU.Build.0 = Debug|Any CPU
		{F51E1BCA-CED5-44E2-829E-459A2C2B5DD2}.Release|Any CPU.ActiveCfg = Release|Any CPU
		{F51E1BCA-CED5-44E2-829E-459A2C2B5DD2}.Release|Any CPU.Build.0 = Release|Any CPU
	EndGlobalSection
	GlobalSection(SolutionProperties) = preSolution
		HideSolutionNode = FALSE
	EndGlobalSection
	GlobalSection(ExtensibilityGlobals) = postSolution
		SolutionGuid = {0AC134A2-3FC0-4F41-B349-D8EECF96440F}
	EndGlobalSection
EndGlobal
